
Microsoft Visual Studio Solution File, Format Version 12.00
# Visual Studio 15
VisualStudioVersion = 15.0.28307.852
MinimumVisualStudioVersion = 10.0.40219.1
Project("{9A19103F-16F7-4668-BE54-9A1E7A4F7556}") = "LeadHornet.IPGeoCoding.Ui", "LeadHornet.IPGeoCoding.Ui\LeadHornet.IPGeoCoding.Ui.csproj", "{45072B29-4E0A-4F4F-B8AF-6DF5838D7D29}"
EndProject
Project("{FAE04EC0-301F-11D3-BF4B-00C04F79EFBC}") = "LeadHornet.IPGeoCoding.Common", "LeadHornet.IPGeoCoding.Common\LeadHornet.IPGeoCoding.Common.csproj", "{00059169-2B57-4186-8C2B-E75EAB2B21BE}"
EndProject
Project("{FAE04EC0-301F-11D3-BF4B-00C04F79EFBC}") = "LeadHornet.IPGeoCoding.Service", "LeadHornet.IPGeoCoding.Service\LeadHornet.IPGeoCoding.Service.csproj", "{67F6A41B-B14A-457D-B9C0-903ADD366AB9}"
EndProject
Global
	GlobalSection(SolutionConfigurationPlatforms) = preSolution
		Debug|Any CPU = Debug|Any CPU
		Release|Any CPU = Release|Any CPU
	EndGlobalSection
	GlobalSection(ProjectConfigurationPlatforms) = postSolution
		{45072B29-4E0A-4F4F-B8AF-6DF5838D7D29}.Debug|Any CPU.ActiveCfg = Debug|Any CPU
		{45072B29-4E0A-4F4F-B8AF-6DF5838D7D29}.Debug|Any CPU.Build.0 = Debug|Any CPU
		{45072B29-4E0A-4F4F-B8AF-6DF5838D7D29}.Release|Any CPU.ActiveCfg = Release|Any CPU
		{45072B29-4E0A-4F4F-B8AF-6DF5838D7D29}.Release|Any CPU.Build.0 = Release|Any CPU
		{00059169-2B57-4186-8C2B-E75EAB2B21BE}.Debug|Any CPU.ActiveCfg = Debug|Any CPU
		{00059169-2B57-4186-8C2B-E75EAB2B21BE}.Debug|Any CPU.Build.0 = Debug|Any CPU
		{00059169-2B57-4186-8C2B-E75EAB2B21BE}.Release|Any CPU.ActiveCfg = Release|Any CPU
		{00059169-2B57-4186-8C2B-E75EAB2B21BE}.Release|Any CPU.Build.0 = Release|Any CPU
		{67F6A41B-B14A-457D-B9C0-903ADD366AB9}.Debug|Any CPU.ActiveCfg = Debug|Any CPU
		{67F6A41B-B14A-457D-B9C0-903ADD366AB9}.Debug|Any CPU.Build.0 = Debug|Any CPU
		{67F6A41B-B14A-457D-B9C0-903ADD366AB9}.Release|Any CPU.ActiveCfg = Release|Any CPU
		{67F6A41B-B14A-457D-B9C0-903ADD366AB9}.Release|Any CPU.Build.0 = Release|Any CPU
	EndGlobalSection
	GlobalSection(SolutionProperties) = preSolution
		HideSolutionNode = FALSE
	EndGlobalSection
	GlobalSection(ExtensibilityGlobals) = postSolution
		SolutionGuid = {530E9D5E-EF77-4CEB-BE97-6810E70BEFAF}
	EndGlobalSection
EndGlobal
